# This file is automatically @generated by Cargo.
# It is not intended for manual editing.
version = 4

[[package]]
name = "slippypack-cli"
version = "0.1.0"
dependencies = [
 "slippypack-core",
]

[[package]]
name = "slippypack-core"
version = "0.1.0"

[[package]]
name = "slippypack-web"
version = "0.1.0"
dependencies = [
 "slippypack-core",
]

[[package]]
name = "slippypack-web-mbtiles"
version = "0.1.0"
dependencies = [
 "slippypack-core",
]

[[package]]
name = "slippypack-web-pmtiles"
version = "0.1.0"
dependencies = [
 "slippypack-core",
]
